{
  "nodes": {
    "flake-utils": {
      "inputs": {
        "systems": "systems"
      },
      "locked": {
        "lastModified": 1731533236,
        "narHash": "sha256-l0KFg5HjrsfsO/JpG+r7fRrqm12kzFHyUHqHCVpMMbI=",
        "owner": "numtide",
        "repo": "flake-utils",
        "rev": "11707dc2f618dd54ca8739b309ec4fc024de578b",
        "type": "github"
      },
      "original": {
        "id": "flake-utils",
        "type": "indirect"
      }
    },
    "nixpkgs": {
      "locked": {
        "lastModified": 1785452004,
        "narHash": "sha256-k94ksv7XmaLeK5sE1ST/TTdu2aDEO9sfbcgEaNJPTXA=",
        "owner": "NixOS",
        "repo": "nixpkgs",
        "rev": "a5e9f2fd9ef6011c6886d6935f3ef678c81385fa",
        "type": "github"
      },
      "original": {
        "owner": "NixOS",
        "ref": "nixos-unstable-small",
        "repo": "nixpkgs",
        "type": "github"
      }
    },
    "nixpkgs_2": {
      "locked": {
        "lastModified": 1785452004,
        "narHash": "sha256-k94ksv7XmaLeK5sE1ST/TTdu2aDEO9sfbcgEaNJPTXA=",
        "owner": "NixOS",
        "repo": "nixpkgs",
        "rev": "a5e9f2fd9ef6011c6886d6935f3ef678c81385fa",
        "type": "github"
      },
      "original": {
        "owner": "NixOS",
        "ref": "nixos-unstable-small",
        "repo": "nixpkgs",
        "type": "github"
      }
    },
    "nixpkgs_3": {
      "locked": {
        "lastModified": 1784497964,
        "narHash": "sha256-vlHUuqAcbcH2RKmHbPiuQzbv1pnzzavXnI62RD0bqCU=",
        "rev": "241313f4e8e508cb9b13278c2b0fa25b9ca27163",
        "revCount": 1037713,
        "type": "tarball",
        "url": "https://api.flakehub.com/f/pinned/DeterminateSystems/nixpkgs-weekly/0.1.1037713%2Brev-241313f4e8e508cb9b13278c2b0fa25b9ca27163/019fa760-2880-7491-9ad9-7ba4669f6a84/source.tar.gz"
      },
      "original": {
        "id": "nixpkgs",
        "type": "indirect"
      }
    },
    "root": {
      "inputs": {
        "flake-utils": "flake-utils",
        "nixpkgs": "nixpkgs",
        "theme-albatross": "theme-albatross"
      }
    },
    "systems": {
      "locked": {
        "lastModified": 1681028828,
        "narHash": "sha256-Vy1rq5AaRuLzOxct8nz4T6wlgyUR7zLU309k9mBC768=",
        "owner": "nix-systems",
        "repo": "default",
        "rev": "da67096a3b9bf56a91d16901293e51ba5b49a27e",
        "type": "github"
      },
      "original": {
        "owner": "nix-systems",
        "repo": "default",
        "type": "github"
      }
    },
    "theme-albatross": {
      "inputs": {
        "flake-utils": [
          "flake-utils"
        ],
        "nixpkgs": "nixpkgs_2",
        "web-iso-flags": "web-iso-flags"
      },
      "locked": {
        "lastModified": 1785471704,
        "narHash": "sha256-PIuOYFiP78+Mid2Ym8c/PWNj9Wow/AWF5gf1Wm/nphk=",
        "owner": "etu",
        "repo": "hugo-theme-albatross",
        "rev": "74d0af3831d670df99d6064a47297d101c519c75",
        "type": "github"
      },
      "original": {
        "owner": "etu",
        "repo": "hugo-theme-albatross",
        "type": "github"
      }
    },
    "web-iso-flags": {
      "inputs": {
        "flake-utils": [
          "theme-albatross",
          "flake-utils"
        ],
        "nixpkgs": "nixpkgs_3"
      },
      "locked": {
        "lastModified": 1785466690,
        "narHash": "sha256-pw5fJpSxcyQ3FRgh5x/J5EIcHxw3TDcM5OiQrvo2UuQ=",
        "owner": "etu",
        "repo": "web-iso-flags",
        "rev": "6dbecc9afcaa336980e96c9bac8e2f538fb2a3a7",
        "type": "github"
      },
      "original": {
        "owner": "etu",
        "repo": "web-iso-flags",
        "type": "github"
      }
    }
  },
  "root": "root",
  "version": 7
}
