{
  "nodes": {
    "flake-utils": {
      "inputs": {
        "systems": "systems"
      },
      "locked": {
        "lastModified": 1731533236,
        "narHash": "sha256-l0KFg5HjrsfsO/JpG+r7fRrqm12kzFHyUHqHCVpMMbI=",
        "owner": "numtide",
        "repo": "flake-utils",
        "rev": "11707dc2f618dd54ca8739b309ec4fc024de578b",
        "type": "github"
      },
      "original": {
        "id": "flake-utils",
        "type": "indirect"
      }
    },
    "nixpkgs": {
      "locked": {
        "lastModified": 1782058286,
        "narHash": "sha256-U7bO7gEY2KvrJ+Ha8tKQKJATdPi9Wf1ygrJLdVV6F+M=",
        "owner": "NixOS",
        "repo": "nixpkgs",
        "rev": "1745eb556759f12578e02d8a45e782a7b5924e2b",
        "type": "github"
      },
      "original": {
        "owner": "NixOS",
        "ref": "nixos-unstable-small",
        "repo": "nixpkgs",
        "type": "github"
      }
    },
    "nixpkgs_2": {
      "locked": {
        "lastModified": 1782058286,
        "narHash": "sha256-U7bO7gEY2KvrJ+Ha8tKQKJATdPi9Wf1ygrJLdVV6F+M=",
        "owner": "NixOS",
        "repo": "nixpkgs",
        "rev": "1745eb556759f12578e02d8a45e782a7b5924e2b",
        "type": "github"
      },
      "original": {
        "owner": "NixOS",
        "ref": "nixos-unstable-small",
        "repo": "nixpkgs",
        "type": "github"
      }
    },
    "nixpkgs_3": {
      "locked": {
        "lastModified": 1780930886,
        "narHash": "sha256-rppURzHviaQN131F+nLiLdGfcb0uCd9gGP0E5+iw9MI=",
        "rev": "8c3cede7ddc26bd659d2d383b5610efbd2c7a16e",
        "revCount": 1012902,
        "type": "tarball",
        "url": "https://api.flakehub.com/f/pinned/DeterminateSystems/nixpkgs-weekly/0.1.1012902%2Brev-8c3cede7ddc26bd659d2d383b5610efbd2c7a16e/019eab22-bd1e-7e40-b919-277db893c789/source.tar.gz"
      },
      "original": {
        "id": "nixpkgs",
        "type": "indirect"
      }
    },
    "root": {
      "inputs": {
        "flake-utils": "flake-utils",
        "nixpkgs": "nixpkgs",
        "theme-albatross": "theme-albatross"
      }
    },
    "systems": {
      "locked": {
        "lastModified": 1681028828,
        "narHash": "sha256-Vy1rq5AaRuLzOxct8nz4T6wlgyUR7zLU309k9mBC768=",
        "owner": "nix-systems",
        "repo": "default",
        "rev": "da67096a3b9bf56a91d16901293e51ba5b49a27e",
        "type": "github"
      },
      "original": {
        "owner": "nix-systems",
        "repo": "default",
        "type": "github"
      }
    },
    "theme-albatross": {
      "inputs": {
        "flake-utils": [
          "flake-utils"
        ],
        "nixpkgs": "nixpkgs_2",
        "web-iso-flags": "web-iso-flags"
      },
      "locked": {
        "lastModified": 1782093299,
        "narHash": "sha256-6QdQZ9Dzfpep4Z3z7lgUvtNfTZhBHQ8mXsomgwNfJv8=",
        "owner": "etu",
        "repo": "hugo-theme-albatross",
        "rev": "b1ccf00b7fa96046796b5bbe52bdb44e6c891367",
        "type": "github"
      },
      "original": {
        "owner": "etu",
        "repo": "hugo-theme-albatross",
        "type": "github"
      }
    },
    "web-iso-flags": {
      "inputs": {
        "flake-utils": [
          "theme-albatross",
          "flake-utils"
        ],
        "nixpkgs": "nixpkgs_3"
      },
      "locked": {
        "lastModified": 1781952049,
        "narHash": "sha256-TMUgeM4w4HNbMcFQlqtPWXq3GeYdsGsp0en3SxHSqWg=",
        "owner": "etu",
        "repo": "web-iso-flags",
        "rev": "eed35900429b3d5c6534b29018138d722a2b6cd1",
        "type": "github"
      },
      "original": {
        "owner": "etu",
        "repo": "web-iso-flags",
        "type": "github"
      }
    }
  },
  "root": "root",
  "version": 7
}
