{
  "nodes": {
    "flake-utils": {
      "inputs": {
        "systems": "systems"
      },
      "locked": {
        "lastModified": 1731533236,
        "narHash": "sha256-l0KFg5HjrsfsO/JpG+r7fRrqm12kzFHyUHqHCVpMMbI=",
        "owner": "numtide",
        "repo": "flake-utils",
        "rev": "11707dc2f618dd54ca8739b309ec4fc024de578b",
        "type": "github"
      },
      "original": {
        "id": "flake-utils",
        "type": "indirect"
      }
    },
    "nixpkgs": {
      "locked": {
        "lastModified": 1746369265,
        "narHash": "sha256-tYwCXOsthcVU55iRlxF6ttwAn20sN2PwHtsNDJ7UdMc=",
        "owner": "NixOS",
        "repo": "nixpkgs",
        "rev": "0ab7cd9c1b5f27cf34968a0c7e907abcb09c48c4",
        "type": "github"
      },
      "original": {
        "owner": "NixOS",
        "ref": "nixos-unstable-small",
        "repo": "nixpkgs",
        "type": "github"
      }
    },
    "nixpkgs_2": {
      "locked": {
        "lastModified": 1746369265,
        "narHash": "sha256-tYwCXOsthcVU55iRlxF6ttwAn20sN2PwHtsNDJ7UdMc=",
        "owner": "NixOS",
        "repo": "nixpkgs",
        "rev": "0ab7cd9c1b5f27cf34968a0c7e907abcb09c48c4",
        "type": "github"
      },
      "original": {
        "owner": "NixOS",
        "ref": "nixos-unstable-small",
        "repo": "nixpkgs",
        "type": "github"
      }
    },
    "nixpkgs_3": {
      "locked": {
        "lastModified": 1746300365,
        "narHash": "sha256-thYTdWqCRipwPRxWiTiH1vusLuAy0okjOyzRx4hLWh4=",
        "owner": "NixOS",
        "repo": "nixpkgs",
        "rev": "f21e4546e3ede7ae34d12a84602a22246b31f7e0",
        "type": "github"
      },
      "original": {
        "id": "nixpkgs",
        "type": "indirect"
      }
    },
    "root": {
      "inputs": {
        "flake-utils": "flake-utils",
        "nixpkgs": "nixpkgs",
        "taserud-theme-albatross": "taserud-theme-albatross"
      }
    },
    "systems": {
      "locked": {
        "lastModified": 1681028828,
        "narHash": "sha256-Vy1rq5AaRuLzOxct8nz4T6wlgyUR7zLU309k9mBC768=",
        "owner": "nix-systems",
        "repo": "default",
        "rev": "da67096a3b9bf56a91d16901293e51ba5b49a27e",
        "type": "github"
      },
      "original": {
        "owner": "nix-systems",
        "repo": "default",
        "type": "github"
      }
    },
    "taserud-theme-albatross": {
      "inputs": {
        "flake-utils": [
          "flake-utils"
        ],
        "nixpkgs": "nixpkgs_2",
        "web-iso-flags": "web-iso-flags"
      },
      "locked": {
        "lastModified": 1746408887,
        "narHash": "sha256-nabSJLRxELhUewPEYsmdALZZuMNBR1yh8/fV2/KEX4s=",
        "owner": "TaserudConsulting",
        "repo": "theme-albatross",
        "rev": "0eced428466d4b13cc6852756a057232372b8b8b",
        "type": "github"
      },
      "original": {
        "owner": "TaserudConsulting",
        "repo": "theme-albatross",
        "type": "github"
      }
    },
    "web-iso-flags": {
      "inputs": {
        "flake-utils": [
          "taserud-theme-albatross",
          "flake-utils"
        ],
        "nixpkgs": "nixpkgs_3"
      },
      "locked": {
        "lastModified": 1746404914,
        "narHash": "sha256-I+Gi+9n+ItHK6ViyP2iTrHkcqFqGsCNayUd60M6Cmgw=",
        "owner": "TaserudConsulting",
        "repo": "web-iso-flags",
        "rev": "afc1006dbea9d20a1beec05f16c0682e1867db5c",
        "type": "github"
      },
      "original": {
        "owner": "TaserudConsulting",
        "repo": "web-iso-flags",
        "type": "github"
      }
    }
  },
  "root": "root",
  "version": 7
}
